
Microsoft Visual Studio Solution File, Format Version 12.00
# Visual Studio Version 16
VisualStudioVersion = 16.0.30011.22
MinimumVisualStudioVersion = 10.0.40219.1
Project("{FAE04EC0-301F-11D3-BF4B-00C04F79EFBC}") = "win_gobang", "win_gobang\win_gobang.csproj", "{23A118CB-44ED-43FF-B7AB-C7E3BB1CC899}"
EndProject
Global
	GlobalSection(SolutionConfigurationPlatforms) = preSolution
		Debug|Any CPU = Debug|Any CPU
		Release|Any CPU = Release|Any CPU
	EndGlobalSection
	GlobalSection(ProjectConfigurationPlatforms) = postSolution
		{23A118CB-44ED-43FF-B7AB-C7E3BB1CC899}.Debug|Any CPU.ActiveCfg = Debug|Any CPU
		{23A118CB-44ED-43FF-B7AB-C7E3BB1CC899}.Debug|Any CPU.Build.0 = Debug|Any CPU
		{23A118CB-44ED-43FF-B7AB-C7E3BB1CC899}.Release|Any CPU.ActiveCfg = Release|Any CPU
		{23A118CB-44ED-43FF-B7AB-C7E3BB1CC899}.Release|Any CPU.Build.0 = Release|Any CPU
	EndGlobalSection
	GlobalSection(SolutionProperties) = preSolution
		HideSolutionNode = FALSE
	EndGlobalSection
	GlobalSection(ExtensibilityGlobals) = postSolution
		SolutionGuid = {A8217C73-CF70-4FB8-8F62-E102595B0495}
	EndGlobalSection
EndGlobal
